
Microsoft Visual Studio Solution File, Format Version 12.00
# Visual Studio 15
VisualStudioVersion = 15.0.28307.902
MinimumVisualStudioVersion = 10.0.40219.1
Project("{FAE04EC0-301F-11D3-BF4B-00C04F79EFBC}") = "ExcellentTaste", "ExcellentTaste\ExcellentTaste.csproj", "{BBFCDB66-1423-40C1-B146-AC9DD157796E}"
EndProject
Global
	GlobalSection(SolutionConfigurationPlatforms) = preSolution
		Debug|Any CPU = Debug|Any CPU
		Release|Any CPU = Release|Any CPU
	EndGlobalSection
	GlobalSection(ProjectConfigurationPlatforms) = postSolution
		{BBFCDB66-1423-40C1-B146-AC9DD157796E}.Debug|Any CPU.ActiveCfg = Debug|Any CPU
		{BBFCDB66-1423-40C1-B146-AC9DD157796E}.Debug|Any CPU.Build.0 = Debug|Any CPU
		{BBFCDB66-1423-40C1-B146-AC9DD157796E}.Release|Any CPU.ActiveCfg = Release|Any CPU
		{BBFCDB66-1423-40C1-B146-AC9DD157796E}.Release|Any CPU.Build.0 = Release|Any CPU
	EndGlobalSection
	GlobalSection(SolutionProperties) = preSolution
		HideSolutionNode = FALSE
	EndGlobalSection
	GlobalSection(ExtensibilityGlobals) = postSolution
		SolutionGuid = {C513E893-E93F-4143-BC7C-F24480826FEB}
	EndGlobalSection
EndGlobal
